// !$*UTF8*$!
{
	archiveVersion = 1;
	classes = {
	};
	objectVersion = 46;
	objects = {

/* Begin PBXBuildFile section */
		C46043A11AEA382B00C0ED49 /* main.swift in Sources */ = {isa = PBXBuildFile; fileRef = C46043A01AEA382B00C0ED49 /* main.swift */; };
		C46043A81AEA383C00C0ED49 /* Phiole.swift in Sources */ = {isa = PBXBuildFile; fileRef = C46043A71AEA383C00C0ED49 /* Phiole.swift */; };
		C46B4C141AEE26D500B95F6B /* README.md in Sources */ = {isa = PBXBuildFile; fileRef = C46B4C131AEE26D500B95F6B /* README.md */; };
		C4EBB83C1B15CA560075187B /* main.swift in Sources */ = {isa = PBXBuildFile; fileRef = C4EBB83B1B15CA560075187B /* main.swift */; };
		C4EBB8401B15CA5F0075187B /* PhioleColor.swift in Sources */ = {isa = PBXBuildFile; fileRef = C4EBB8331B15C2900075187B /* PhioleColor.swift */; };
		C4EBB8411B15CA610075187B /* Phiole+ColorShortcut.swift in Sources */ = {isa = PBXBuildFile; fileRef = C4D606671AF8CAA600E941B6 /* Phiole+ColorShortcut.swift */; };
		C4EBB8421B15CA650075187B /* Phiole.swift in Sources */ = {isa = PBXBuildFile; fileRef = C46043A71AEA383C00C0ED49 /* Phiole.swift */; };
/* End PBXBuildFile section */

/* Begin PBXCopyFilesBuildPhase section */
		C460439B1AEA382B00C0ED49 /* CopyFiles */ = {
			isa = PBXCopyFilesBuildPhase;
			buildActionMask = 2147483647;
			dstPath = /usr/share/man/man1/;
			dstSubfolderSpec = 0;
			files = (
			);
			runOnlyForDeploymentPostprocessing = 1;
		};
		C4EBB8371B15CA560075187B /* CopyFiles */ = {
			isa = PBXCopyFilesBuildPhase;
			buildActionMask = 2147483647;
			dstPath = /usr/share/man/man1/;
			dstSubfolderSpec = 0;
			files = (
			);
			runOnlyForDeploymentPostprocessing = 1;
		};
/* End PBXCopyFilesBuildPhase section */

/* Begin PBXFileReference section */
		C460439D1AEA382B00C0ED49 /* Phiole */ = {isa = PBXFileReference; explicitFileType = "compiled.mach-o.executable"; includeInIndex = 0; path = Phiole; sourceTree = BUILT_PRODUCTS_DIR; };
		C46043A01AEA382B00C0ED49 /* main.swift */ = {isa = PBXFileReference; lastKnownFileType = sourcecode.swift; path = main.swift; sourceTree = "<group>"; };
		C46043A71AEA383C00C0ED49 /* Phiole.swift */ = {isa = PBXFileReference; fileEncoding = 4; lastKnownFileType = sourcecode.swift; path = Phiole.swift; sourceTree = "<group>"; };
		C46B4C131AEE26D500B95F6B /* README.md */ = {isa = PBXFileReference; fileEncoding = 4; lastKnownFileType = net.daringfireball.markdown; path = README.md; sourceTree = "<group>"; };
		C4D606671AF8CAA600E941B6 /* Phiole+ColorShortcut.swift */ = {isa = PBXFileReference; fileEncoding = 4; lastKnownFileType = sourcecode.swift; path = "Phiole+ColorShortcut.swift"; sourceTree = "<group>"; };
		C4D606691AF8CABF00E941B6 /* Phiole.podspec */ = {isa = PBXFileReference; lastKnownFileType = text; path = Phiole.podspec; sourceTree = "<group>"; };
		C4EBB8331B15C2900075187B /* PhioleColor.swift */ = {isa = PBXFileReference; fileEncoding = 4; lastKnownFileType = sourcecode.swift; path = PhioleColor.swift; sourceTree = "<group>"; };
		C4EBB8391B15CA560075187B /* PhioleColor */ = {isa = PBXFileReference; explicitFileType = "compiled.mach-o.executable"; includeInIndex = 0; path = PhioleColor; sourceTree = BUILT_PRODUCTS_DIR; };
		C4EBB83B1B15CA560075187B /* main.swift */ = {isa = PBXFileReference; lastKnownFileType = sourcecode.swift; path = main.swift; sourceTree = "<group>"; };
/* End PBXFileReference section */

/* Begin PBXFrameworksBuildPhase section */
		C460439A1AEA382B00C0ED49 /* Frameworks */ = {
			isa = PBXFrameworksBuildPhase;
			buildActionMask = 2147483647;
			files = (
			);
			runOnlyForDeploymentPostprocessing = 0;
		};
		C4EBB8361B15CA560075187B /* Frameworks */ = {
			isa = PBXFrameworksBuildPhase;
			buildActionMask = 2147483647;
			files = (
			);
			runOnlyForDeploymentPostprocessing = 0;
		};
/* End PBXFrameworksBuildPhase section */

/* Begin PBXGroup section */
		C46043941AEA382B00C0ED49 = {
			isa = PBXGroup;
			children = (
				C46043A71AEA383C00C0ED49 /* Phiole.swift */,
				C4EBB8331B15C2900075187B /* PhioleColor.swift */,
				C4D606671AF8CAA600E941B6 /* Phiole+ColorShortcut.swift */,
				C4D6066A1AF8CAD100E941B6 /* Info */,
				C460439F1AEA382B00C0ED49 /* Phiole */,
				C4EBB83A1B15CA560075187B /* PhioleColor */,
				C460439E1AEA382B00C0ED49 /* Products */,
			);
			sourceTree = "<group>";
		};
		C460439E1AEA382B00C0ED49 /* Products */ = {
			isa = PBXGroup;
			children = (
				C460439D1AEA382B00C0ED49 /* Phiole */,
				C4EBB8391B15CA560075187B /* PhioleColor */,
			);
			name = Products;
			sourceTree = "<group>";
		};
		C460439F1AEA382B00C0ED49 /* Phiole */ = {
			isa = PBXGroup;
			children = (
				C46043A01AEA382B00C0ED49 /* main.swift */,
			);
			path = Phiole;
			sourceTree = "<group>";
		};
		C4D6066A1AF8CAD100E941B6 /* Info */ = {
			isa = PBXGroup;
			children = (
				C4D606691AF8CABF00E941B6 /* Phiole.podspec */,
				C46B4C131AEE26D500B95F6B /* README.md */,
			);
			name = Info;
			sourceTree = "<group>";
		};
		C4EBB83A1B15CA560075187B /* PhioleColor */ = {
			isa = PBXGroup;
			children = (
				C4EBB83B1B15CA560075187B /* main.swift */,
			);
			path = PhioleColor;
			sourceTree = "<group>";
		};
/* End PBXGroup section */

/* Begin PBXNativeTarget section */
		C460439C1AEA382B00C0ED49 /* Phiole */ = {
			isa = PBXNativeTarget;
			buildConfigurationList = C46043A41AEA382B00C0ED49 /* Build configuration list for PBXNativeTarget "Phiole" */;
			buildPhases = (
				C46043991AEA382B00C0ED49 /* Sources */,
				C460439A1AEA382B00C0ED49 /* Frameworks */,
				C460439B1AEA382B00C0ED49 /* CopyFiles */,
			);
			buildRules = (
			);
			dependencies = (
			);
			name = Phiole;
			productName = Console;
			productReference = C460439D1AEA382B00C0ED49 /* Phiole */;
			productType = "com.apple.product-type.tool";
		};
		C4EBB8381B15CA560075187B /* PhioleColor */ = {
			isa = PBXNativeTarget;
			buildConfigurationList = C4EBB83D1B15CA560075187B /* Build configuration list for PBXNativeTarget "PhioleColor" */;
			buildPhases = (
				C4EBB8351B15CA560075187B /* Sources */,
				C4EBB8361B15CA560075187B /* Frameworks */,
				C4EBB8371B15CA560075187B /* CopyFiles */,
			);
			buildRules = (
			);
			dependencies = (
			);
			name = PhioleColor;
			productName = PhioleColor;
			productReference = C4EBB8391B15CA560075187B /* PhioleColor */;
			productType = "com.apple.product-type.tool";
		};
/* End PBXNativeTarget section */

/* Begin PBXProject section */
		C46043951AEA382B00C0ED49 /* Project object */ = {
			isa = PBXProject;
			attributes = {
				LastUpgradeCheck = 0630;
				ORGANIZATIONNAME = phimage;
				TargetAttributes = {
					C460439C1AEA382B00C0ED49 = {
						CreatedOnToolsVersion = 6.3.1;
					};
					C4EBB8381B15CA560075187B = {
						CreatedOnToolsVersion = 6.3.2;
					};
				};
			};
			buildConfigurationList = C46043981AEA382B00C0ED49 /* Build configuration list for PBXProject "Phiole" */;
			compatibilityVersion = "Xcode 3.2";
			developmentRegion = English;
			hasScannedForEncodings = 0;
			knownRegions = (
				en,
			);
			mainGroup = C46043941AEA382B00C0ED49;
			productRefGroup = C460439E1AEA382B00C0ED49 /* Products */;
			projectDirPath = "";
			projectRoot = "";
			targets = (
				C460439C1AEA382B00C0ED49 /* Phiole */,
				C4EBB8381B15CA560075187B /* PhioleColor */,
			);
		};
/* End PBXProject section */

/* Begin PBXSourcesBuildPhase section */
		C46043991AEA382B00C0ED49 /* Sources */ = {
			isa = PBXSourcesBuildPhase;
			buildActionMask = 2147483647;
			files = (
				C46B4C141AEE26D500B95F6B /* README.md in Sources */,
				C46043A11AEA382B00C0ED49 /* main.swift in Sources */,
				C46043A81AEA383C00C0ED49 /* Phiole.swift in Sources */,
			);
			runOnlyForDeploymentPostprocessing = 0;
		};
		C4EBB8351B15CA560075187B /* Sources */ = {
			isa = PBXSourcesBuildPhase;
			buildActionMask = 2147483647;
			files = (
				C4EBB8421B15CA650075187B /* Phiole.swift in Sources */,
				C4EBB8401B15CA5F0075187B /* PhioleColor.swift in Sources */,
				C4EBB8411B15CA610075187B /* Phiole+ColorShortcut.swift in Sources */,
				C4EBB83C1B15CA560075187B /* main.swift in Sources */,
			);
			runOnlyForDeploymentPostprocessing = 0;
		};
/* End PBXSourcesBuildPhase section */

/* Begin XCBuildConfiguration section */
		C46043A21AEA382B00C0ED49 /* Debug */ = {
			isa = XCBuildConfiguration;
			buildSettings = {
				ALWAYS_SEARCH_USER_PATHS = NO;
				CLANG_CXX_LANGUAGE_STANDARD = "gnu++0x";
				CLANG_CXX_LIBRARY = "libc++";
				CLANG_ENABLE_MODULES = YES;
				CLANG_ENABLE_OBJC_ARC = YES;
				CLANG_WARN_BOOL_CONVERSION = YES;
				CLANG_WARN_CONSTANT_CONVERSION = YES;
				CLANG_WARN_DIRECT_OBJC_ISA_USAGE = YES_ERROR;
				CLANG_WARN_EMPTY_BODY = YES;
				CLANG_WARN_ENUM_CONVERSION = YES;
				CLANG_WARN_INT_CONVERSION = YES;
				CLANG_WARN_OBJC_ROOT_CLASS = YES_ERROR;
				CLANG_WARN_UNREACHABLE_CODE = YES;
				CLANG_WARN__DUPLICATE_METHOD_MATCH = YES;
				COPY_PHASE_STRIP = NO;
				DEBUG_INFORMATION_FORMAT = dwarf;
				ENABLE_STRICT_OBJC_MSGSEND = YES;
				GCC_C_LANGUAGE_STANDARD = gnu99;
				GCC_DYNAMIC_NO_PIC = NO;
				GCC_NO_COMMON_BLOCKS = YES;
				GCC_OPTIMIZATION_LEVEL = 0;
				GCC_PREPROCESSOR_DEFINITIONS = (
					"DEBUG=1",
					"$(inherited)",
				);
				GCC_SYMBOLS_PRIVATE_EXTERN = NO;
				GCC_WARN_64_TO_32_BIT_CONVERSION = YES;
				GCC_WARN_ABOUT_RETURN_TYPE = YES_ERROR;
				GCC_WARN_UNDECLARED_SELECTOR = YES;
				GCC_WARN_UNINITIALIZED_AUTOS = YES_AGGRESSIVE;
				GCC_WARN_UNUSED_FUNCTION = YES;
				GCC_WARN_UNUSED_VARIABLE = YES;
				MACOSX_DEPLOYMENT_TARGET = 10.10;
				MTL_ENABLE_DEBUG_INFO = YES;
				ONLY_ACTIVE_ARCH = YES;
				SDKROOT = macosx;
				SWIFT_OPTIMIZATION_LEVEL = "-Onone";
			};
			name = Debug;
		};
		C46043A31AEA382B00C0ED49 /* Release */ = {
			isa = XCBuildConfiguration;
			buildSettings = {
				ALWAYS_SEARCH_USER_PATHS = NO;
				CLANG_CXX_LANGUAGE_STANDARD = "gnu++0x";
				CLANG_CXX_LIBRARY = "libc++";
				CLANG_ENABLE_MODULES = YES;
				CLANG_ENABLE_OBJC_ARC = YES;
				CLANG_WARN_BOOL_CONVERSION = YES;
				CLANG_WARN_CONSTANT_CONVERSION = YES;
				CLANG_WARN_DIRECT_OBJC_ISA_USAGE = YES_ERROR;
				CLANG_WARN_EMPTY_BODY = YES;
				CLANG_WARN_ENUM_CONVERSION = YES;
				CLANG_WARN_INT_CONVERSION = YES;
				CLANG_WARN_OBJC_ROOT_CLASS = YES_ERROR;
				CLANG_WARN_UNREACHABLE_CODE = YES;
				CLANG_WARN__DUPLICATE_METHOD_MATCH = YES;
				COPY_PHASE_STRIP = NO;
				DEBUG_INFORMATION_FORMAT = "dwarf-with-dsym";
				ENABLE_NS_ASSERTIONS = NO;
				ENABLE_STRICT_OBJC_MSGSEND = YES;
				GCC_C_LANGUAGE_STANDARD = gnu99;
				GCC_NO_COMMON_BLOCKS = YES;
				GCC_WARN_64_TO_32_BIT_CONVERSION = YES;
				GCC_WARN_ABOUT_RETURN_TYPE = YES_ERROR;
				GCC_WARN_UNDECLARED_SELECTOR = YES;
				GCC_WARN_UNINITIALIZED_AUTOS = YES_AGGRESSIVE;
				GCC_WARN_UNUSED_FUNCTION = YES;
				GCC_WARN_UNUSED_VARIABLE = YES;
				MACOSX_DEPLOYMENT_TARGET = 10.10;
				MTL_ENABLE_DEBUG_INFO = NO;
				SDKROOT = macosx;
			};
			name = Release;
		};
		C46043A51AEA382B00C0ED49 /* Debug */ = {
			isa = XCBuildConfiguration;
			buildSettings = {
				PRODUCT_NAME = "$(TARGET_NAME)";
			};
			name = Debug;
		};
		C46043A61AEA382B00C0ED49 /* Release */ = {
			isa = XCBuildConfiguration;
			buildSettings = {
				PRODUCT_NAME = "$(TARGET_NAME)";
			};
			name = Release;
		};
		C4EBB83E1B15CA560075187B /* Debug */ = {
			isa = XCBuildConfiguration;
			buildSettings = {
				GCC_PREPROCESSOR_DEFINITIONS = (
					"DEBUG=1",
					"$(inherited)",
				);
				PRODUCT_NAME = "$(TARGET_NAME)";
			};
			name = Debug;
		};
		C4EBB83F1B15CA560075187B /* Release */ = {
			isa = XCBuildConfiguration;
			buildSettings = {
				PRODUCT_NAME = "$(TARGET_NAME)";
			};
			name = Release;
		};
/* End XCBuildConfiguration section */

/* Begin XCConfigurationList section */
		C46043981AEA382B00C0ED49 /* Build configuration list for PBXProject "Phiole" */ = {
			isa = XCConfigurationList;
			buildConfigurations = (
				C46043A21AEA382B00C0ED49 /* Debug */,
				C46043A31AEA382B00C0ED49 /* Release */,
			);
			defaultConfigurationIsVisible = 0;
			defaultConfigurationName = Release;
		};
		C46043A41AEA382B00C0ED49 /* Build configuration list for PBXNativeTarget "Phiole" */ = {
			isa = XCConfigurationList;
			buildConfigurations = (
				C46043A51AEA382B00C0ED49 /* Debug */,
				C46043A61AEA382B00C0ED49 /* Release */,
			);
			defaultConfigurationIsVisible = 0;
			defaultConfigurationName = Release;
		};
		C4EBB83D1B15CA560075187B /* Build configuration list for PBXNativeTarget "PhioleColor" */ = {
			isa = XCConfigurationList;
			buildConfigurations = (
				C4EBB83E1B15CA560075187B /* Debug */,
				C4EBB83F1B15CA560075187B /* Release */,
			);
			defaultConfigurationIsVisible = 0;
		};
/* End XCConfigurationList section */
	};
	rootObject = C46043951AEA382B00C0ED49 /* Project object */;
}
